
Microsoft Visual Studio Solution File, Format Version 12.00
# Visual Studio 15
VisualStudioVersion = 15.0.26730.16
MinimumVisualStudioVersion = 10.0.40219.1
Project("{FAE04EC0-301F-11D3-BF4B-00C04F79EFBC}") = "Worker.Objects", "Worker.Objects\Worker.Objects.csproj", "{0C0EC2A7-0307-4B5F-92C2-54021A94F069}"
EndProject
Project("{FAE04EC0-301F-11D3-BF4B-00C04F79EFBC}") = "Worker.HttpModule", "Worker.HttpModule\Worker.HttpModule.csproj", "{D7B3EE5E-98D5-41E6-A987-B58877119EFF}"
EndProject
Project("{FAE04EC0-301F-11D3-BF4B-00C04F79EFBC}") = "Worker.Common", "Worker.Common\Worker.Common.csproj", "{2AC7E85A-04F8-4734-A44A-2A9171B27CC4}"
EndProject
Project("{FAE04EC0-301F-11D3-BF4B-00C04F79EFBC}") = "Worker.EntityFramework", "Worker.EntityFramework\Worker.EntityFramework.csproj", "{AF268E9D-994C-429F-9846-8BB151C564CF}"
EndProject
Project("{FAE04EC0-301F-11D3-BF4B-00C04F79EFBC}") = "OGameWorker", "OGameWorker\OGameWorker.csproj", "{6E73D511-81B9-4E05-9CEE-C2355F224BFB}"
EndProject
Project("{FAE04EC0-301F-11D3-BF4B-00C04F79EFBC}") = "Worker.Parser", "Worker.Parser\Worker.Parser.csproj", "{79DF72A5-BA22-43B8-B7C2-49BE83B453D2}"
EndProject
Global
	GlobalSection(SolutionConfigurationPlatforms) = preSolution
		Debug|Any CPU = Debug|Any CPU
		Release|Any CPU = Release|Any CPU
	EndGlobalSection
	GlobalSection(ProjectConfigurationPlatforms) = postSolution
		{0C0EC2A7-0307-4B5F-92C2-54021A94F069}.Debug|Any CPU.ActiveCfg = Debug|Any CPU
		{0C0EC2A7-0307-4B5F-92C2-54021A94F069}.Debug|Any CPU.Build.0 = Debug|Any CPU
		{0C0EC2A7-0307-4B5F-92C2-54021A94F069}.Release|Any CPU.ActiveCfg = Release|Any CPU
		{0C0EC2A7-0307-4B5F-92C2-54021A94F069}.Release|Any CPU.Build.0 = Release|Any CPU
		{D7B3EE5E-98D5-41E6-A987-B58877119EFF}.Debug|Any CPU.ActiveCfg = Debug|Any CPU
		{D7B3EE5E-98D5-41E6-A987-B58877119EFF}.Debug|Any CPU.Build.0 = Debug|Any CPU
		{D7B3EE5E-98D5-41E6-A987-B58877119EFF}.Release|Any CPU.ActiveCfg = Release|Any CPU
		{D7B3EE5E-98D5-41E6-A987-B58877119EFF}.Release|Any CPU.Build.0 = Release|Any CPU
		{2AC7E85A-04F8-4734-A44A-2A9171B27CC4}.Debug|Any CPU.ActiveCfg = Debug|Any CPU
		{2AC7E85A-04F8-4734-A44A-2A9171B27CC4}.Debug|Any CPU.Build.0 = Debug|Any CPU
		{2AC7E85A-04F8-4734-A44A-2A9171B27CC4}.Release|Any CPU.ActiveCfg = Release|Any CPU
		{2AC7E85A-04F8-4734-A44A-2A9171B27CC4}.Release|Any CPU.Build.0 = Release|Any CPU
		{AF268E9D-994C-429F-9846-8BB151C564CF}.Debug|Any CPU.ActiveCfg = Debug|Any CPU
		{AF268E9D-994C-429F-9846-8BB151C564CF}.Debug|Any CPU.Build.0 = Debug|Any CPU
		{AF268E9D-994C-429F-9846-8BB151C564CF}.Release|Any CPU.ActiveCfg = Release|Any CPU
		{AF268E9D-994C-429F-9846-8BB151C564CF}.Release|Any CPU.Build.0 = Release|Any CPU
		{6E73D511-81B9-4E05-9CEE-C2355F224BFB}.Debug|Any CPU.ActiveCfg = Debug|Any CPU
		{6E73D511-81B9-4E05-9CEE-C2355F224BFB}.Debug|Any CPU.Build.0 = Debug|Any CPU
		{6E73D511-81B9-4E05-9CEE-C2355F224BFB}.Release|Any CPU.ActiveCfg = Release|Any CPU
		{6E73D511-81B9-4E05-9CEE-C2355F224BFB}.Release|Any CPU.Build.0 = Release|Any CPU
		{79DF72A5-BA22-43B8-B7C2-49BE83B453D2}.Debug|Any CPU.ActiveCfg = Debug|Any CPU
		{79DF72A5-BA22-43B8-B7C2-49BE83B453D2}.Debug|Any CPU.Build.0 = Debug|Any CPU
		{79DF72A5-BA22-43B8-B7C2-49BE83B453D2}.Release|Any CPU.ActiveCfg = Release|Any CPU
		{79DF72A5-BA22-43B8-B7C2-49BE83B453D2}.Release|Any CPU.Build.0 = Release|Any CPU
	EndGlobalSection
	GlobalSection(SolutionProperties) = preSolution
		HideSolutionNode = FALSE
	EndGlobalSection
	GlobalSection(ExtensibilityGlobals) = postSolution
		SolutionGuid = {4FA30760-980E-4207-B07B-86EE8CB0CD76}
	EndGlobalSection
EndGlobal
